// !$*UTF8*$!
{
	archiveVersion = 1;
	classes = {
	};
	objectVersion = 48;
	objects = {

/* Begin PBXBuildFile section */
		1190F82320580C93004A7947 /* Images.plist in CopyFiles */ = {isa = PBXBuildFile; fileRef = 11CB268C2057B68A0080AEEF /* Images.plist */; };
		1190F82420580C93004A7947 /* pilatus.jpg in CopyFiles */ = {isa = PBXBuildFile; fileRef = 11CB268D2057B97A0080AEEF /* pilatus.jpg */; };
		11CB26862057B4EE0080AEEF /* main.m in Sources */ = {isa = PBXBuildFile; fileRef = 11CB26852057B4EE0080AEEF /* main.m */; };
		274CC76D2058128A00392B76 /* Image.m in Sources */ = {isa = PBXBuildFile; fileRef = 274CC76C2058128A00392B76 /* Image.m */; };
		274CC770205826DC00392B76 /* ImageWithPath.h in Sources */ = {isa = PBXBuildFile; fileRef = 274CC76F205826DC00392B76 /* ImageWithPath.h */; };
		274CC7722058281F00392B76 /* ImageWithPath.m in Sources */ = {isa = PBXBuildFile; fileRef = 274CC7712058281F00392B76 /* ImageWithPath.m */; };
		274CC775205829CB00392B76 /* ImageWithUrl.m in Sources */ = {isa = PBXBuildFile; fileRef = 274CC774205829CB00392B76 /* ImageWithUrl.m */; };
		274CC778205829F700392B76 /* ImageWithFileName.m in Sources */ = {isa = PBXBuildFile; fileRef = 274CC777205829F700392B76 /* ImageWithFileName.m */; };
/* End PBXBuildFile section */

/* Begin PBXCopyFilesBuildPhase section */
		11CB26802057B4EE0080AEEF /* CopyFiles */ = {
			isa = PBXCopyFilesBuildPhase;
			buildActionMask = 12;
			dstPath = "";
			dstSubfolderSpec = 7;
			files = (
				1190F82320580C93004A7947 /* Images.plist in CopyFiles */,
				1190F82420580C93004A7947 /* pilatus.jpg in CopyFiles */,
			);
			runOnlyForDeploymentPostprocessing = 0;
		};
/* End PBXCopyFilesBuildPhase section */

/* Begin PBXFileReference section */
		11CB26822057B4EE0080AEEF /* LuckyTask */ = {isa = PBXFileReference; explicitFileType = "compiled.mach-o.executable"; includeInIndex = 0; path = LuckyTask; sourceTree = BUILT_PRODUCTS_DIR; };
		11CB26852057B4EE0080AEEF /* main.m */ = {isa = PBXFileReference; lastKnownFileType = sourcecode.c.objc; path = main.m; sourceTree = "<group>"; };
		11CB268C2057B68A0080AEEF /* Images.plist */ = {isa = PBXFileReference; lastKnownFileType = text.plist.xml; path = Images.plist; sourceTree = "<group>"; };
		11CB268D2057B97A0080AEEF /* pilatus.jpg */ = {isa = PBXFileReference; lastKnownFileType = image.jpeg; path = pilatus.jpg; sourceTree = "<group>"; };
		274CC76C2058128A00392B76 /* Image.m */ = {isa = PBXFileReference; lastKnownFileType = sourcecode.c.objc; path = Image.m; sourceTree = "<group>"; };
		274CC76E205813E500392B76 /* Image.h */ = {isa = PBXFileReference; lastKnownFileType = sourcecode.c.h; path = Image.h; sourceTree = "<group>"; };
		274CC76F205826DC00392B76 /* ImageWithPath.h */ = {isa = PBXFileReference; lastKnownFileType = sourcecode.c.h; path = ImageWithPath.h; sourceTree = "<group>"; };
		274CC7712058281F00392B76 /* ImageWithPath.m */ = {isa = PBXFileReference; lastKnownFileType = sourcecode.c.objc; path = ImageWithPath.m; sourceTree = "<group>"; };
		274CC773205829CB00392B76 /* ImageWithUrl.h */ = {isa = PBXFileReference; lastKnownFileType = sourcecode.c.h; path = ImageWithUrl.h; sourceTree = "<group>"; };
		274CC774205829CB00392B76 /* ImageWithUrl.m */ = {isa = PBXFileReference; lastKnownFileType = sourcecode.c.objc; path = ImageWithUrl.m; sourceTree = "<group>"; };
		274CC776205829F700392B76 /* ImageWithFileName.h */ = {isa = PBXFileReference; lastKnownFileType = sourcecode.c.h; path = ImageWithFileName.h; sourceTree = "<group>"; };
		274CC777205829F700392B76 /* ImageWithFileName.m */ = {isa = PBXFileReference; lastKnownFileType = sourcecode.c.objc; path = ImageWithFileName.m; sourceTree = "<group>"; };
/* End PBXFileReference section */

/* Begin PBXFrameworksBuildPhase section */
		11CB267F2057B4EE0080AEEF /* Frameworks */ = {
			isa = PBXFrameworksBuildPhase;
			buildActionMask = 2147483647;
			files = (
			);
			runOnlyForDeploymentPostprocessing = 0;
		};
/* End PBXFrameworksBuildPhase section */

/* Begin PBXGroup section */
		11CB26792057B4EE0080AEEF = {
			isa = PBXGroup;
			children = (
				11CB26842057B4EE0080AEEF /* LuckyTask */,
				11CB26832057B4EE0080AEEF /* Products */,
			);
			sourceTree = "<group>";
		};
		11CB26832057B4EE0080AEEF /* Products */ = {
			isa = PBXGroup;
			children = (
				11CB26822057B4EE0080AEEF /* LuckyTask */,
			);
			name = Products;
			sourceTree = "<group>";
		};
		11CB26842057B4EE0080AEEF /* LuckyTask */ = {
			isa = PBXGroup;
			children = (
				11CB26852057B4EE0080AEEF /* main.m */,
				274CC76F205826DC00392B76 /* ImageWithPath.h */,
				274CC7712058281F00392B76 /* ImageWithPath.m */,
				274CC773205829CB00392B76 /* ImageWithUrl.h */,
				274CC774205829CB00392B76 /* ImageWithUrl.m */,
				274CC776205829F700392B76 /* ImageWithFileName.h */,
				274CC777205829F700392B76 /* ImageWithFileName.m */,
				274CC76E205813E500392B76 /* Image.h */,
				274CC76C2058128A00392B76 /* Image.m */,
				11CB268C2057B68A0080AEEF /* Images.plist */,
				11CB268D2057B97A0080AEEF /* pilatus.jpg */,
			);
			path = LuckyTask;
			sourceTree = "<group>";
		};
/* End PBXGroup section */

/* Begin PBXNativeTarget section */
		11CB26812057B4EE0080AEEF /* LuckyTask */ = {
			isa = PBXNativeTarget;
			buildConfigurationList = 11CB26892057B4EE0080AEEF /* Build configuration list for PBXNativeTarget "LuckyTask" */;
			buildPhases = (
				11CB267E2057B4EE0080AEEF /* Sources */,
				11CB267F2057B4EE0080AEEF /* Frameworks */,
				11CB26802057B4EE0080AEEF /* CopyFiles */,
			);
			buildRules = (
			);
			dependencies = (
			);
			name = LuckyTask;
			productName = LuckyTask;
			productReference = 11CB26822057B4EE0080AEEF /* LuckyTask */;
			productType = "com.apple.product-type.tool";
		};
/* End PBXNativeTarget section */

/* Begin PBXProject section */
		11CB267A2057B4EE0080AEEF /* Project object */ = {
			isa = PBXProject;
			attributes = {
				LastUpgradeCheck = 0920;
				ORGANIZATIONNAME = EPAM;
				TargetAttributes = {
					11CB26812057B4EE0080AEEF = {
						CreatedOnToolsVersion = 9.2;
						ProvisioningStyle = Automatic;
					};
				};
			};
			buildConfigurationList = 11CB267D2057B4EE0080AEEF /* Build configuration list for PBXProject "LuckyTask" */;
			compatibilityVersion = "Xcode 8.0";
			developmentRegion = en;
			hasScannedForEncodings = 0;
			knownRegions = (
				en,
			);
			mainGroup = 11CB26792057B4EE0080AEEF;
			productRefGroup = 11CB26832057B4EE0080AEEF /* Products */;
			projectDirPath = "";
			projectRoot = "";
			targets = (
				11CB26812057B4EE0080AEEF /* LuckyTask */,
			);
		};
/* End PBXProject section */

/* Begin PBXSourcesBuildPhase section */
		11CB267E2057B4EE0080AEEF /* Sources */ = {
			isa = PBXSourcesBuildPhase;
			buildActionMask = 2147483647;
			files = (
				11CB26862057B4EE0080AEEF /* main.m in Sources */,
				274CC770205826DC00392B76 /* ImageWithPath.h in Sources */,
				274CC778205829F700392B76 /* ImageWithFileName.m in Sources */,
				274CC7722058281F00392B76 /* ImageWithPath.m in Sources */,
				274CC775205829CB00392B76 /* ImageWithUrl.m in Sources */,
				274CC76D2058128A00392B76 /* Image.m in Sources */,
			);
			runOnlyForDeploymentPostprocessing = 0;
		};
/* End PBXSourcesBuildPhase section */

/* Begin XCBuildConfiguration section */
		11CB26872057B4EE0080AEEF /* Debug */ = {
			isa = XCBuildConfiguration;
			buildSettings = {
				ALWAYS_SEARCH_USER_PATHS = NO;
				CLANG_ANALYZER_NONNULL = YES;
				CLANG_ANALYZER_NUMBER_OBJECT_CONVERSION = YES_AGGRESSIVE;
				CLANG_CXX_LANGUAGE_STANDARD = "gnu++14";
				CLANG_CXX_LIBRARY = "libc++";
				CLANG_ENABLE_MODULES = YES;
				CLANG_ENABLE_OBJC_ARC = YES;
				CLANG_WARN_BLOCK_CAPTURE_AUTORELEASING = YES;
				CLANG_WARN_BOOL_CONVERSION = YES;
				CLANG_WARN_COMMA = YES;
				CLANG_WARN_CONSTANT_CONVERSION = YES;
				CLANG_WARN_DIRECT_OBJC_ISA_USAGE = YES_ERROR;
				CLANG_WARN_DOCUMENTATION_COMMENTS = YES;
				CLANG_WARN_EMPTY_BODY = YES;
				CLANG_WARN_ENUM_CONVERSION = YES;
				CLANG_WARN_INFINITE_RECURSION = YES;
				CLANG_WARN_INT_CONVERSION = YES;
				CLANG_WARN_NON_LITERAL_NULL_CONVERSION = YES;
				CLANG_WARN_OBJC_LITERAL_CONVERSION = YES;
				CLANG_WARN_OBJC_ROOT_CLASS = YES_ERROR;
				CLANG_WARN_RANGE_LOOP_ANALYSIS = YES;
				CLANG_WARN_STRICT_PROTOTYPES = YES;
				CLANG_WARN_SUSPICIOUS_MOVE = YES;
				CLANG_WARN_UNGUARDED_AVAILABILITY = YES_AGGRESSIVE;
				CLANG_WARN_UNREACHABLE_CODE = YES;
				CLANG_WARN__DUPLICATE_METHOD_MATCH = YES;
				CODE_SIGN_IDENTITY = "Mac Developer";
				COPY_PHASE_STRIP = NO;
				DEBUG_INFORMATION_FORMAT = dwarf;
				ENABLE_STRICT_OBJC_MSGSEND = YES;
				ENABLE_TESTABILITY = YES;
				GCC_C_LANGUAGE_STANDARD = gnu11;
				GCC_DYNAMIC_NO_PIC = NO;
				GCC_NO_COMMON_BLOCKS = YES;
				GCC_OPTIMIZATION_LEVEL = 0;
				GCC_PREPROCESSOR_DEFINITIONS = (
					"DEBUG=1",
					"$(inherited)",
				);
				GCC_WARN_64_TO_32_BIT_CONVERSION = YES;
				GCC_WARN_ABOUT_RETURN_TYPE = YES_ERROR;
				GCC_WARN_UNDECLARED_SELECTOR = YES;
				GCC_WARN_UNINITIALIZED_AUTOS = YES_AGGRESSIVE;
				GCC_WARN_UNUSED_FUNCTION = YES;
				GCC_WARN_UNUSED_VARIABLE = YES;
				MACOSX_DEPLOYMENT_TARGET = 10.12;
				MTL_ENABLE_DEBUG_INFO = YES;
				ONLY_ACTIVE_ARCH = YES;
				SDKROOT = macosx;
			};
			name = Debug;
		};
		11CB26882057B4EE0080AEEF /* Release */ = {
			isa = XCBuildConfiguration;
			buildSettings = {
				ALWAYS_SEARCH_USER_PATHS = NO;
				CLANG_ANALYZER_NONNULL = YES;
				CLANG_ANALYZER_NUMBER_OBJECT_CONVERSION = YES_AGGRESSIVE;
				CLANG_CXX_LANGUAGE_STANDARD = "gnu++14";
				CLANG_CXX_LIBRARY = "libc++";
				CLANG_ENABLE_MODULES = YES;
				CLANG_ENABLE_OBJC_ARC = YES;
				CLANG_WARN_BLOCK_CAPTURE_AUTORELEASING = YES;
				CLANG_WARN_BOOL_CONVERSION = YES;
				CLANG_WARN_COMMA = YES;
				CLANG_WARN_CONSTANT_CONVERSION = YES;
				CLANG_WARN_DIRECT_OBJC_ISA_USAGE = YES_ERROR;
				CLANG_WARN_DOCUMENTATION_COMMENTS = YES;
				CLANG_WARN_EMPTY_BODY = YES;
				CLANG_WARN_ENUM_CONVERSION = YES;
				CLANG_WARN_INFINITE_RECURSION = YES;
				CLANG_WARN_INT_CONVERSION = YES;
				CLANG_WARN_NON_LITERAL_NULL_CONVERSION = YES;
				CLANG_WARN_OBJC_LITERAL_CONVERSION = YES;
				CLANG_WARN_OBJC_ROOT_CLASS = YES_ERROR;
				CLANG_WARN_RANGE_LOOP_ANALYSIS = YES;
				CLANG_WARN_STRICT_PROTOTYPES = YES;
				CLANG_WARN_SUSPICIOUS_MOVE = YES;
				CLANG_WARN_UNGUARDED_AVAILABILITY = YES_AGGRESSIVE;
				CLANG_WARN_UNREACHABLE_CODE = YES;
				CLANG_WARN__DUPLICATE_METHOD_MATCH = YES;
				CODE_SIGN_IDENTITY = "Mac Developer";
				COPY_PHASE_STRIP = NO;
				DEBUG_INFORMATION_FORMAT = "dwarf-with-dsym";
				ENABLE_NS_ASSERTIONS = NO;
				ENABLE_STRICT_OBJC_MSGSEND = YES;
				GCC_C_LANGUAGE_STANDARD = gnu11;
				GCC_NO_COMMON_BLOCKS = YES;
				GCC_WARN_64_TO_32_BIT_CONVERSION = YES;
				GCC_WARN_ABOUT_RETURN_TYPE = YES_ERROR;
				GCC_WARN_UNDECLARED_SELECTOR = YES;
				GCC_WARN_UNINITIALIZED_AUTOS = YES_AGGRESSIVE;
				GCC_WARN_UNUSED_FUNCTION = YES;
				GCC_WARN_UNUSED_VARIABLE = YES;
				MACOSX_DEPLOYMENT_TARGET = 10.12;
				MTL_ENABLE_DEBUG_INFO = NO;
				SDKROOT = macosx;
			};
			name = Release;
		};
		11CB268A2057B4EE0080AEEF /* Debug */ = {
			isa = XCBuildConfiguration;
			buildSettings = {
				CODE_SIGN_STYLE = Automatic;
				DEVELOPMENT_TEAM = 7LT752HSAG;
				PRODUCT_NAME = "$(TARGET_NAME)";
			};
			name = Debug;
		};
		11CB268B2057B4EE0080AEEF /* Release */ = {
			isa = XCBuildConfiguration;
			buildSettings = {
				CODE_SIGN_STYLE = Automatic;
				DEVELOPMENT_TEAM = 7LT752HSAG;
				PRODUCT_NAME = "$(TARGET_NAME)";
			};
			name = Release;
		};
/* End XCBuildConfiguration section */

/* Begin XCConfigurationList section */
		11CB267D2057B4EE0080AEEF /* Build configuration list for PBXProject "LuckyTask" */ = {
			isa = XCConfigurationList;
			buildConfigurations = (
				11CB26872057B4EE0080AEEF /* Debug */,
				11CB26882057B4EE0080AEEF /* Release */,
			);
			defaultConfigurationIsVisible = 0;
			defaultConfigurationName = Release;
		};
		11CB26892057B4EE0080AEEF /* Build configuration list for PBXNativeTarget "LuckyTask" */ = {
			isa = XCConfigurationList;
			buildConfigurations = (
				11CB268A2057B4EE0080AEEF /* Debug */,
				11CB268B2057B4EE0080AEEF /* Release */,
			);
			defaultConfigurationIsVisible = 0;
			defaultConfigurationName = Release;
		};
/* End XCConfigurationList section */
	};
	rootObject = 11CB267A2057B4EE0080AEEF /* Project object */;
}
